<Solution>
  <Project Path="caseStudy.RoomBooking.Application.Services.Abstractions/caseStudy.RoomBooking.Application.Services.Abstractions.csproj" />
  <Project Path="caseStudy.RoomBooking.Application.Services/caseStudy.RoomBooking.Application.Services.csproj" />
  <Project Path="caseStudy.RoomBooking.Domain/caseStudy.RoomBooking.Domain.csproj" />
  <Project Path="caseStudy.RoomBooking.Infrastructure/caseStudy.RoomBooking.Infrastructure.csproj" />
  <Project Path="caseStudy.RoomBooking.Presentation.API/caseStudy.RoomBooking.Presentation.API.csproj" />
</Solution>
